// !$*UTF8*$!
{
	archiveVersion = 1;
	classes = {
	};
	objectVersion = 56;
	objects = {

/* Begin PBXBuildFile section */
		0F125BCE2C4035D300D11129 /* XMTechChallengeApp.swift in Sources */ = {isa = PBXBuildFile; fileRef = 0F125BCD2C4035D300D11129 /* XMTechChallengeApp.swift */; };
		0F125BD22C4035D500D11129 /* Assets.xcassets in Resources */ = {isa = PBXBuildFile; fileRef = 0F125BD12C4035D500D11129 /* Assets.xcassets */; };
		0F125BD62C4035D500D11129 /* Preview Assets.xcassets in Resources */ = {isa = PBXBuildFile; fileRef = 0F125BD52C4035D500D11129 /* Preview Assets.xcassets */; };
		0F125BE02C4035D500D11129 /* XMTechChallengeTests.swift in Sources */ = {isa = PBXBuildFile; fileRef = 0F125BDF2C4035D500D11129 /* XMTechChallengeTests.swift */; };
		0F125BEA2C4035D500D11129 /* XMTechChallengeUITests.swift in Sources */ = {isa = PBXBuildFile; fileRef = 0F125BE92C4035D500D11129 /* XMTechChallengeUITests.swift */; };
		0F125BEC2C4035D500D11129 /* XMTechChallengeUITestsLaunchTests.swift in Sources */ = {isa = PBXBuildFile; fileRef = 0F125BEB2C4035D500D11129 /* XMTechChallengeUITestsLaunchTests.swift */; };
		0FCCCDE82C407BD100E7BFAE /* AppRoot in Frameworks */ = {isa = PBXBuildFile; productRef = 0FCCCDE72C407BD100E7BFAE /* AppRoot */; };
/* End PBXBuildFile section */

/* Begin PBXContainerItemProxy section */
		0F125BDC2C4035D500D11129 /* PBXContainerItemProxy */ = {
			isa = PBXContainerItemProxy;
			containerPortal = 0F125BC22C4035D300D11129 /* Project object */;
			proxyType = 1;
			remoteGlobalIDString = 0F125BC92C4035D300D11129;
			remoteInfo = XMTechChallenge;
		};
		0F125BE62C4035D500D11129 /* PBXContainerItemProxy */ = {
			isa = PBXContainerItemProxy;
			containerPortal = 0F125BC22C4035D300D11129 /* Project object */;
			proxyType = 1;
			remoteGlobalIDString = 0F125BC92C4035D300D11129;
			remoteInfo = XMTechChallenge;
		};
/* End PBXContainerItemProxy section */

/* Begin PBXFileReference section */
		0F125BCA2C4035D300D11129 /* XMTechChallenge.app */ = {isa = PBXFileReference; explicitFileType = wrapper.application; includeInIndex = 0; path = XMTechChallenge.app; sourceTree = BUILT_PRODUCTS_DIR; };
		0F125BCD2C4035D300D11129 /* XMTechChallengeApp.swift */ = {isa = PBXFileReference; lastKnownFileType = sourcecode.swift; path = XMTechChallengeApp.swift; sourceTree = "<group>"; };
		0F125BD12C4035D500D11129 /* Assets.xcassets */ = {isa = PBXFileReference; lastKnownFileType = folder.assetcatalog; path = Assets.xcassets; sourceTree = "<group>"; };
		0F125BD32C4035D500D11129 /* XMTechChallenge.entitlements */ = {isa = PBXFileReference; lastKnownFileType = text.plist.entitlements; path = XMTechChallenge.entitlements; sourceTree = "<group>"; };
		0F125BD52C4035D500D11129 /* Preview Assets.xcassets */ = {isa = PBXFileReference; lastKnownFileType = folder.assetcatalog; path = "Preview Assets.xcassets"; sourceTree = "<group>"; };
		0F125BDB2C4035D500D11129 /* XMTechChallengeTests.xctest */ = {isa = PBXFileReference; explicitFileType = wrapper.cfbundle; includeInIndex = 0; path = XMTechChallengeTests.xctest; sourceTree = BUILT_PRODUCTS_DIR; };
		0F125BDF2C4035D500D11129 /* XMTechChallengeTests.swift */ = {isa = PBXFileReference; lastKnownFileType = sourcecode.swift; path = XMTechChallengeTests.swift; sourceTree = "<group>"; };
		0F125BE52C4035D500D11129 /* XMTechChallengeUITests.xctest */ = {isa = PBXFileReference; explicitFileType = wrapper.cfbundle; includeInIndex = 0; path = XMTechChallengeUITests.xctest; sourceTree = BUILT_PRODUCTS_DIR; };
		0F125BE92C4035D500D11129 /* XMTechChallengeUITests.swift */ = {isa = PBXFileReference; lastKnownFileType = sourcecode.swift; path = XMTechChallengeUITests.swift; sourceTree = "<group>"; };
		0F125BEB2C4035D500D11129 /* XMTechChallengeUITestsLaunchTests.swift */ = {isa = PBXFileReference; lastKnownFileType = sourcecode.swift; path = XMTechChallengeUITestsLaunchTests.swift; sourceTree = "<group>"; };
		0F125BF82C40368400D11129 /* XMTechnicalChallenge */ = {isa = PBXFileReference; lastKnownFileType = wrapper; name = XMTechnicalChallenge; path = ..; sourceTree = "<group>"; };
/* End PBXFileReference section */

/* Begin PBXFrameworksBuildPhase section */
		0F125BC72C4035D300D11129 /* Frameworks */ = {
			isa = PBXFrameworksBuildPhase;
			buildActionMask = 2147483647;
			files = (
				0FCCCDE82C407BD100E7BFAE /* AppRoot in Frameworks */,
			);
			runOnlyForDeploymentPostprocessing = 0;
		};
		0F125BD82C4035D500D11129 /* Frameworks */ = {
			isa = PBXFrameworksBuildPhase;
			buildActionMask = 2147483647;
			files = (
			);
			runOnlyForDeploymentPostprocessing = 0;
		};
		0F125BE22C4035D500D11129 /* Frameworks */ = {
			isa = PBXFrameworksBuildPhase;
			buildActionMask = 2147483647;
			files = (
			);
			runOnlyForDeploymentPostprocessing = 0;
		};
/* End PBXFrameworksBuildPhase section */

/* Begin PBXGroup section */
		0F125BC12C4035D300D11129 = {
			isa = PBXGroup;
			children = (
				0F125BF82C40368400D11129 /* XMTechnicalChallenge */,
				0F125BCC2C4035D300D11129 /* XMTechChallenge */,
				0F125BDE2C4035D500D11129 /* XMTechChallengeTests */,
				0F125BE82C4035D500D11129 /* XMTechChallengeUITests */,
				0F125BCB2C4035D300D11129 /* Products */,
				0FCCCDE62C407BD100E7BFAE /* Frameworks */,
			);
			sourceTree = "<group>";
		};
		0F125BCB2C4035D300D11129 /* Products */ = {
			isa = PBXGroup;
			children = (
				0F125BCA2C4035D300D11129 /* XMTechChallenge.app */,
				0F125BDB2C4035D500D11129 /* XMTechChallengeTests.xctest */,
				0F125BE52C4035D500D11129 /* XMTechChallengeUITests.xctest */,
			);
			name = Products;
			sourceTree = "<group>";
		};
		0F125BCC2C4035D300D11129 /* XMTechChallenge */ = {
			isa = PBXGroup;
			children = (
				0F125BCD2C4035D300D11129 /* XMTechChallengeApp.swift */,
				0F125BD12C4035D500D11129 /* Assets.xcassets */,
				0F125BD32C4035D500D11129 /* XMTechChallenge.entitlements */,
				0F125BD42C4035D500D11129 /* Preview Content */,
			);
			name = XMTechChallenge;
			path = XCTechChallenge;
			sourceTree = "<group>";
		};
		0F125BD42C4035D500D11129 /* Preview Content */ = {
			isa = PBXGroup;
			children = (
				0F125BD52C4035D500D11129 /* Preview Assets.xcassets */,
			);
			path = "Preview Content";
			sourceTree = "<group>";
		};
		0F125BDE2C4035D500D11129 /* XMTechChallengeTests */ = {
			isa = PBXGroup;
			children = (
				0F125BDF2C4035D500D11129 /* XMTechChallengeTests.swift */,
			);
			path = XMTechChallengeTests;
			sourceTree = "<group>";
		};
		0F125BE82C4035D500D11129 /* XMTechChallengeUITests */ = {
			isa = PBXGroup;
			children = (
				0F125BE92C4035D500D11129 /* XMTechChallengeUITests.swift */,
				0F125BEB2C4035D500D11129 /* XMTechChallengeUITestsLaunchTests.swift */,
			);
			path = XMTechChallengeUITests;
			sourceTree = "<group>";
		};
		0FCCCDE62C407BD100E7BFAE /* Frameworks */ = {
			isa = PBXGroup;
			children = (
			);
			name = Frameworks;
			sourceTree = "<group>";
		};
/* End PBXGroup section */

/* Begin PBXNativeTarget section */
		0F125BC92C4035D300D11129 /* XMTechChallenge */ = {
			isa = PBXNativeTarget;
			buildConfigurationList = 0F125BEF2C4035D500D11129 /* Build configuration list for PBXNativeTarget "XMTechChallenge" */;
			buildPhases = (
				0F125BC62C4035D300D11129 /* Sources */,
				0F125BC72C4035D300D11129 /* Frameworks */,
				0F125BC82C4035D300D11129 /* Resources */,
			);
			buildRules = (
			);
			dependencies = (
			);
			name = XMTechChallenge;
			packageProductDependencies = (
				0FCCCDE72C407BD100E7BFAE /* AppRoot */,
			);
			productName = XMTechChallenge;
			productReference = 0F125BCA2C4035D300D11129 /* XMTechChallenge.app */;
			productType = "com.apple.product-type.application";
		};
		0F125BDA2C4035D500D11129 /* XMTechChallengeTests */ = {
			isa = PBXNativeTarget;
			buildConfigurationList = 0F125BF22C4035D500D11129 /* Build configuration list for PBXNativeTarget "XMTechChallengeTests" */;
			buildPhases = (
				0F125BD72C4035D500D11129 /* Sources */,
				0F125BD82C4035D500D11129 /* Frameworks */,
				0F125BD92C4035D500D11129 /* Resources */,
			);
			buildRules = (
			);
			dependencies = (
				0F125BDD2C4035D500D11129 /* PBXTargetDependency */,
			);
			name = XMTechChallengeTests;
			productName = XMTechChallengeTests;
			productReference = 0F125BDB2C4035D500D11129 /* XMTechChallengeTests.xctest */;
			productType = "com.apple.product-type.bundle.unit-test";
		};
		0F125BE42C4035D500D11129 /* XMTechChallengeUITests */ = {
			isa = PBXNativeTarget;
			buildConfigurationList = 0F125BF52C4035D500D11129 /* Build configuration list for PBXNativeTarget "XMTechChallengeUITests" */;
			buildPhases = (
				0F125BE12C4035D500D11129 /* Sources */,
				0F125BE22C4035D500D11129 /* Frameworks */,
				0F125BE32C4035D500D11129 /* Resources */,
			);
			buildRules = (
			);
			dependencies = (
				0F125BE72C4035D500D11129 /* PBXTargetDependency */,
			);
			name = XMTechChallengeUITests;
			productName = XMTechChallengeUITests;
			productReference = 0F125BE52C4035D500D11129 /* XMTechChallengeUITests.xctest */;
			productType = "com.apple.product-type.bundle.ui-testing";
		};
/* End PBXNativeTarget section */

/* Begin PBXProject section */
		0F125BC22C4035D300D11129 /* Project object */ = {
			isa = PBXProject;
			attributes = {
				BuildIndependentTargetsInParallel = 1;
				LastSwiftUpdateCheck = 1540;
				LastUpgradeCheck = 1540;
				TargetAttributes = {
					0F125BC92C4035D300D11129 = {
						CreatedOnToolsVersion = 15.4;
					};
					0F125BDA2C4035D500D11129 = {
						CreatedOnToolsVersion = 15.4;
						TestTargetID = 0F125BC92C4035D300D11129;
					};
					0F125BE42C4035D500D11129 = {
						CreatedOnToolsVersion = 15.4;
						TestTargetID = 0F125BC92C4035D300D11129;
					};
				};
			};
			buildConfigurationList = 0F125BC52C4035D300D11129 /* Build configuration list for PBXProject "XMTechChallenge" */;
			compatibilityVersion = "Xcode 14.0";
			developmentRegion = en;
			hasScannedForEncodings = 0;
			knownRegions = (
				en,
				Base,
			);
			mainGroup = 0F125BC12C4035D300D11129;
			productRefGroup = 0F125BCB2C4035D300D11129 /* Products */;
			projectDirPath = "";
			projectRoot = "";
			targets = (
				0F125BC92C4035D300D11129 /* XMTechChallenge */,
				0F125BDA2C4035D500D11129 /* XMTechChallengeTests */,
				0F125BE42C4035D500D11129 /* XMTechChallengeUITests */,
			);
		};
/* End PBXProject section */

/* Begin PBXResourcesBuildPhase section */
		0F125BC82C4035D300D11129 /* Resources */ = {
			isa = PBXResourcesBuildPhase;
			buildActionMask = 2147483647;
			files = (
				0F125BD62C4035D500D11129 /* Preview Assets.xcassets in Resources */,
				0F125BD22C4035D500D11129 /* Assets.xcassets in Resources */,
			);
			runOnlyForDeploymentPostprocessing = 0;
		};
		0F125BD92C4035D500D11129 /* Resources */ = {
			isa = PBXResourcesBuildPhase;
			buildActionMask = 2147483647;
			files = (
			);
			runOnlyForDeploymentPostprocessing = 0;
		};
		0F125BE32C4035D500D11129 /* Resources */ = {
			isa = PBXResourcesBuildPhase;
			buildActionMask = 2147483647;
			files = (
			);
			runOnlyForDeploymentPostprocessing = 0;
		};
/* End PBXResourcesBuildPhase section */

/* Begin PBXSourcesBuildPhase section */
		0F125BC62C4035D300D11129 /* Sources */ = {
			isa = PBXSourcesBuildPhase;
			buildActionMask = 2147483647;
			files = (
				0F125BCE2C4035D300D11129 /* XMTechChallengeApp.swift in Sources */,
			);
			runOnlyForDeploymentPostprocessing = 0;
		};
		0F125BD72C4035D500D11129 /* Sources */ = {
			isa = PBXSourcesBuildPhase;
			buildActionMask = 2147483647;
			files = (
				0F125BE02C4035D500D11129 /* XMTechChallengeTests.swift in Sources */,
			);
			runOnlyForDeploymentPostprocessing = 0;
		};
		0F125BE12C4035D500D11129 /* Sources */ = {
			isa = PBXSourcesBuildPhase;
			buildActionMask = 2147483647;
			files = (
				0F125BEA2C4035D500D11129 /* XMTechChallengeUITests.swift in Sources */,
				0F125BEC2C4035D500D11129 /* XMTechChallengeUITestsLaunchTests.swift in Sources */,
			);
			runOnlyForDeploymentPostprocessing = 0;
		};
/* End PBXSourcesBuildPhase section */

/* Begin PBXTargetDependency section */
		0F125BDD2C4035D500D11129 /* PBXTargetDependency */ = {
			isa = PBXTargetDependency;
			target = 0F125BC92C4035D300D11129 /* XMTechChallenge */;
			targetProxy = 0F125BDC2C4035D500D11129 /* PBXContainerItemProxy */;
		};
		0F125BE72C4035D500D11129 /* PBXTargetDependency */ = {
			isa = PBXTargetDependency;
			target = 0F125BC92C4035D300D11129 /* XMTechChallenge */;
			targetProxy = 0F125BE62C4035D500D11129 /* PBXContainerItemProxy */;
		};
/* End PBXTargetDependency section */

/* Begin XCBuildConfiguration section */
		0F125BED2C4035D500D11129 /* Debug */ = {
			isa = XCBuildConfiguration;
			buildSettings = {
				ALWAYS_SEARCH_USER_PATHS = NO;
				ASSETCATALOG_COMPILER_GENERATE_SWIFT_ASSET_SYMBOL_EXTENSIONS = YES;
				CLANG_ANALYZER_NONNULL = YES;
				CLANG_ANALYZER_NUMBER_OBJECT_CONVERSION = YES_AGGRESSIVE;
				CLANG_CXX_LANGUAGE_STANDARD = "gnu++20";
				CLANG_ENABLE_MODULES = YES;
				CLANG_ENABLE_OBJC_ARC = YES;
				CLANG_ENABLE_OBJC_WEAK = YES;
				CLANG_WARN_BLOCK_CAPTURE_AUTORELEASING = YES;
				CLANG_WARN_BOOL_CONVERSION = YES;
				CLANG_WARN_COMMA = YES;
				CLANG_WARN_CONSTANT_CONVERSION = YES;
				CLANG_WARN_DEPRECATED_OBJC_IMPLEMENTATIONS = YES;
				CLANG_WARN_DIRECT_OBJC_ISA_USAGE = YES_ERROR;
				CLANG_WARN_DOCUMENTATION_COMMENTS = YES;
				CLANG_WARN_EMPTY_BODY = YES;
				CLANG_WARN_ENUM_CONVERSION = YES;
				CLANG_WARN_INFINITE_RECURSION = YES;
				CLANG_WARN_INT_CONVERSION = YES;
				CLANG_WARN_NON_LITERAL_NULL_CONVERSION = YES;
				CLANG_WARN_OBJC_IMPLICIT_RETAIN_SELF = YES;
				CLANG_WARN_OBJC_LITERAL_CONVERSION = YES;
				CLANG_WARN_OBJC_ROOT_CLASS = YES_ERROR;
				CLANG_WARN_QUOTED_INCLUDE_IN_FRAMEWORK_HEADER = YES;
				CLANG_WARN_RANGE_LOOP_ANALYSIS = YES;
				CLANG_WARN_STRICT_PROTOTYPES = YES;
				CLANG_WARN_SUSPICIOUS_MOVE = YES;
				CLANG_WARN_UNGUARDED_AVAILABILITY = YES_AGGRESSIVE;
				CLANG_WARN_UNREACHABLE_CODE = YES;
				CLANG_WARN__DUPLICATE_METHOD_MATCH = YES;
				COPY_PHASE_STRIP = NO;
				DEBUG_INFORMATION_FORMAT = dwarf;
				ENABLE_STRICT_OBJC_MSGSEND = YES;
				ENABLE_TESTABILITY = YES;
				ENABLE_USER_SCRIPT_SANDBOXING = YES;
				GCC_C_LANGUAGE_STANDARD = gnu17;
				GCC_DYNAMIC_NO_PIC = NO;
				GCC_NO_COMMON_BLOCKS = YES;
				GCC_OPTIMIZATION_LEVEL = 0;
				GCC_PREPROCESSOR_DEFINITIONS = (
					"DEBUG=1",
					"$(inherited)",
				);
				GCC_WARN_64_TO_32_BIT_CONVERSION = YES;
				GCC_WARN_ABOUT_RETURN_TYPE = YES_ERROR;
				GCC_WARN_UNDECLARED_SELECTOR = YES;
				GCC_WARN_UNINITIALIZED_AUTOS = YES_AGGRESSIVE;
				GCC_WARN_UNUSED_FUNCTION = YES;
				GCC_WARN_UNUSED_VARIABLE = YES;
				LOCALIZATION_PREFERS_STRING_CATALOGS = YES;
				MTL_ENABLE_DEBUG_INFO = INCLUDE_SOURCE;
				MTL_FAST_MATH = YES;
				ONLY_ACTIVE_ARCH = YES;
				SWIFT_ACTIVE_COMPILATION_CONDITIONS = "DEBUG $(inherited)";
				SWIFT_OPTIMIZATION_LEVEL = "-Onone";
			};
			name = Debug;
		};
		0F125BEE2C4035D500D11129 /* Release */ = {
			isa = XCBuildConfiguration;
			buildSettings = {
				ALWAYS_SEARCH_USER_PATHS = NO;
				ASSETCATALOG_COMPILER_GENERATE_SWIFT_ASSET_SYMBOL_EXTENSIONS = YES;
				CLANG_ANALYZER_NONNULL = YES;
				CLANG_ANALYZER_NUMBER_OBJECT_CONVERSION = YES_AGGRESSIVE;
				CLANG_CXX_LANGUAGE_STANDARD = "gnu++20";
				CLANG_ENABLE_MODULES = YES;
				CLANG_ENABLE_OBJC_ARC = YES;
				CLANG_ENABLE_OBJC_WEAK = YES;
				CLANG_WARN_BLOCK_CAPTURE_AUTORELEASING = YES;
				CLANG_WARN_BOOL_CONVERSION = YES;
				CLANG_WARN_COMMA = YES;
				CLANG_WARN_CONSTANT_CONVERSION = YES;
				CLANG_WARN_DEPRECATED_OBJC_IMPLEMENTATIONS = YES;
				CLANG_WARN_DIRECT_OBJC_ISA_USAGE = YES_ERROR;
				CLANG_WARN_DOCUMENTATION_COMMENTS = YES;
				CLANG_WARN_EMPTY_BODY = YES;
				CLANG_WARN_ENUM_CONVERSION = YES;
				CLANG_WARN_INFINITE_RECURSION = YES;
				CLANG_WARN_INT_CONVERSION = YES;
				CLANG_WARN_NON_LITERAL_NULL_CONVERSION = YES;
				CLANG_WARN_OBJC_IMPLICIT_RETAIN_SELF = YES;
				CLANG_WARN_OBJC_LITERAL_CONVERSION = YES;
				CLANG_WARN_OBJC_ROOT_CLASS = YES_ERROR;
				CLANG_WARN_QUOTED_INCLUDE_IN_FRAMEWORK_HEADER = YES;
				CLANG_WARN_RANGE_LOOP_ANALYSIS = YES;
				CLANG_WARN_STRICT_PROTOTYPES = YES;
				CLANG_WARN_SUSPICIOUS_MOVE = YES;
				CLANG_WARN_UNGUARDED_AVAILABILITY = YES_AGGRESSIVE;
				CLANG_WARN_UNREACHABLE_CODE = YES;
				CLANG_WARN__DUPLICATE_METHOD_MATCH = YES;
				COPY_PHASE_STRIP = NO;
				DEBUG_INFORMATION_FORMAT = "dwarf-with-dsym";
				ENABLE_NS_ASSERTIONS = NO;
				ENABLE_STRICT_OBJC_MSGSEND = YES;
				ENABLE_USER_SCRIPT_SANDBOXING = YES;
				GCC_C_LANGUAGE_STANDARD = gnu17;
				GCC_NO_COMMON_BLOCKS = YES;
				GCC_WARN_64_TO_32_BIT_CONVERSION = YES;
				GCC_WARN_ABOUT_RETURN_TYPE = YES_ERROR;
				GCC_WARN_UNDECLARED_SELECTOR = YES;
				GCC_WARN_UNINITIALIZED_AUTOS = YES_AGGRESSIVE;
				GCC_WARN_UNUSED_FUNCTION = YES;
				GCC_WARN_UNUSED_VARIABLE = YES;
				LOCALIZATION_PREFERS_STRING_CATALOGS = YES;
				MTL_ENABLE_DEBUG_INFO = NO;
				MTL_FAST_MATH = YES;
				SWIFT_COMPILATION_MODE = wholemodule;
			};
			name = Release;
		};
		0F125BF02C4035D500D11129 /* Debug */ = {
			isa = XCBuildConfiguration;
			buildSettings = {
				ASSETCATALOG_COMPILER_APPICON_NAME = AppIcon;
				ASSETCATALOG_COMPILER_GLOBAL_ACCENT_COLOR_NAME = AccentColor;
				CODE_SIGN_ENTITLEMENTS = "";
				CODE_SIGN_STYLE = Automatic;
				CURRENT_PROJECT_VERSION = 1;
				DEVELOPMENT_ASSET_PATHS = "";
				DEVELOPMENT_TEAM = 4SCM77QT7P;
				ENABLE_PREVIEWS = YES;
				GENERATE_INFOPLIST_FILE = YES;
				"INFOPLIST_KEY_UIApplicationSceneManifest_Generation[sdk=iphoneos*]" = YES;
				"INFOPLIST_KEY_UIApplicationSceneManifest_Generation[sdk=iphonesimulator*]" = YES;
				"INFOPLIST_KEY_UIApplicationSupportsIndirectInputEvents[sdk=iphoneos*]" = YES;
				"INFOPLIST_KEY_UIApplicationSupportsIndirectInputEvents[sdk=iphonesimulator*]" = YES;
				"INFOPLIST_KEY_UILaunchScreen_Generation[sdk=iphoneos*]" = YES;
				"INFOPLIST_KEY_UILaunchScreen_Generation[sdk=iphonesimulator*]" = YES;
				"INFOPLIST_KEY_UIStatusBarStyle[sdk=iphoneos*]" = UIStatusBarStyleDefault;
				"INFOPLIST_KEY_UIStatusBarStyle[sdk=iphonesimulator*]" = UIStatusBarStyleDefault;
				INFOPLIST_KEY_UISupportedInterfaceOrientations_iPad = "UIInterfaceOrientationPortrait UIInterfaceOrientationPortraitUpsideDown UIInterfaceOrientationLandscapeLeft UIInterfaceOrientationLandscapeRight";
				INFOPLIST_KEY_UISupportedInterfaceOrientations_iPhone = "UIInterfaceOrientationPortrait UIInterfaceOrientationLandscapeLeft UIInterfaceOrientationLandscapeRight";
				IPHONEOS_DEPLOYMENT_TARGET = 17.5;
				LD_RUNPATH_SEARCH_PATHS = "@executable_path/Frameworks";
				"LD_RUNPATH_SEARCH_PATHS[sdk=macosx*]" = "@executable_path/../Frameworks";
				MACOSX_DEPLOYMENT_TARGET = 14.5;
				MARKETING_VERSION = 1.0;
				PRODUCT_BUNDLE_IDENTIFIER = com.xm.techChallenge.anh.XMTechChallenge;
				PRODUCT_NAME = "$(TARGET_NAME)";
				SDKROOT = auto;
				SUPPORTED_PLATFORMS = "iphoneos iphonesimulator macosx";
				SWIFT_EMIT_LOC_STRINGS = YES;
				SWIFT_VERSION = 5.0;
				TARGETED_DEVICE_FAMILY = "1,2";
			};
			name = Debug;
		};
		0F125BF12C4035D500D11129 /* Release */ = {
			isa = XCBuildConfiguration;
			buildSettings = {
				ASSETCATALOG_COMPILER_APPICON_NAME = AppIcon;
				ASSETCATALOG_COMPILER_GLOBAL_ACCENT_COLOR_NAME = AccentColor;
				CODE_SIGN_ENTITLEMENTS = "";
				CODE_SIGN_STYLE = Automatic;
				CURRENT_PROJECT_VERSION = 1;
				DEVELOPMENT_ASSET_PATHS = "";
				DEVELOPMENT_TEAM = 4SCM77QT7P;
				ENABLE_PREVIEWS = YES;
				GENERATE_INFOPLIST_FILE = YES;
				"INFOPLIST_KEY_UIApplicationSceneManifest_Generation[sdk=iphoneos*]" = YES;
				"INFOPLIST_KEY_UIApplicationSceneManifest_Generation[sdk=iphonesimulator*]" = YES;
				"INFOPLIST_KEY_UIApplicationSupportsIndirectInputEvents[sdk=iphoneos*]" = YES;
				"INFOPLIST_KEY_UIApplicationSupportsIndirectInputEvents[sdk=iphonesimulator*]" = YES;
				"INFOPLIST_KEY_UILaunchScreen_Generation[sdk=iphoneos*]" = YES;
				"INFOPLIST_KEY_UILaunchScreen_Generation[sdk=iphonesimulator*]" = YES;
				"INFOPLIST_KEY_UIStatusBarStyle[sdk=iphoneos*]" = UIStatusBarStyleDefault;
				"INFOPLIST_KEY_UIStatusBarStyle[sdk=iphonesimulator*]" = UIStatusBarStyleDefault;
				INFOPLIST_KEY_UISupportedInterfaceOrientations_iPad = "UIInterfaceOrientationPortrait UIInterfaceOrientationPortraitUpsideDown UIInterfaceOrientationLandscapeLeft UIInterfaceOrientationLandscapeRight";
				INFOPLIST_KEY_UISupportedInterfaceOrientations_iPhone = "UIInterfaceOrientationPortrait UIInterfaceOrientationLandscapeLeft UIInterfaceOrientationLandscapeRight";
				IPHONEOS_DEPLOYMENT_TARGET = 17.5;
				LD_RUNPATH_SEARCH_PATHS = "@executable_path/Frameworks";
				"LD_RUNPATH_SEARCH_PATHS[sdk=macosx*]" = "@executable_path/../Frameworks";
				MACOSX_DEPLOYMENT_TARGET = 14.5;
				MARKETING_VERSION = 1.0;
				PRODUCT_BUNDLE_IDENTIFIER = com.xm.techChallenge.anh.XMTechChallenge;
				PRODUCT_NAME = "$(TARGET_NAME)";
				SDKROOT = auto;
				SUPPORTED_PLATFORMS = "iphoneos iphonesimulator macosx";
				SWIFT_EMIT_LOC_STRINGS = YES;
				SWIFT_VERSION = 5.0;
				TARGETED_DEVICE_FAMILY = "1,2";
			};
			name = Release;
		};
		0F125BF32C4035D500D11129 /* Debug */ = {
			isa = XCBuildConfiguration;
			buildSettings = {
				ALWAYS_EMBED_SWIFT_STANDARD_LIBRARIES = YES;
				BUNDLE_LOADER = "$(TEST_HOST)";
				CODE_SIGN_STYLE = Automatic;
				CURRENT_PROJECT_VERSION = 1;
				GENERATE_INFOPLIST_FILE = YES;
				IPHONEOS_DEPLOYMENT_TARGET = 17.5;
				MACOSX_DEPLOYMENT_TARGET = 14.5;
				MARKETING_VERSION = 1.0;
				PRODUCT_BUNDLE_IDENTIFIER = com.xm.techChallenge.anh.XMTechChallengeTests;
				PRODUCT_NAME = "$(TARGET_NAME)";
				SDKROOT = auto;
				SUPPORTED_PLATFORMS = "iphoneos iphonesimulator macosx";
				SWIFT_EMIT_LOC_STRINGS = NO;
				SWIFT_VERSION = 5.0;
				TARGETED_DEVICE_FAMILY = "1,2";
				TEST_HOST = "$(BUILT_PRODUCTS_DIR)/XMTechChallenge.app/$(BUNDLE_EXECUTABLE_FOLDER_PATH)/XMTechChallenge";
			};
			name = Debug;
		};
		0F125BF42C4035D500D11129 /* Release */ = {
			isa = XCBuildConfiguration;
			buildSettings = {
				ALWAYS_EMBED_SWIFT_STANDARD_LIBRARIES = YES;
				BUNDLE_LOADER = "$(TEST_HOST)";
				CODE_SIGN_STYLE = Automatic;
				CURRENT_PROJECT_VERSION = 1;
				GENERATE_INFOPLIST_FILE = YES;
				IPHONEOS_DEPLOYMENT_TARGET = 17.5;
				MACOSX_DEPLOYMENT_TARGET = 14.5;
				MARKETING_VERSION = 1.0;
				PRODUCT_BUNDLE_IDENTIFIER = com.xm.techChallenge.anh.XMTechChallengeTests;
				PRODUCT_NAME = "$(TARGET_NAME)";
				SDKROOT = auto;
				SUPPORTED_PLATFORMS = "iphoneos iphonesimulator macosx";
				SWIFT_EMIT_LOC_STRINGS = NO;
				SWIFT_VERSION = 5.0;
				TARGETED_DEVICE_FAMILY = "1,2";
				TEST_HOST = "$(BUILT_PRODUCTS_DIR)/XMTechChallenge.app/$(BUNDLE_EXECUTABLE_FOLDER_PATH)/XMTechChallenge";
			};
			name = Release;
		};
		0F125BF62C4035D500D11129 /* Debug */ = {
			isa = XCBuildConfiguration;
			buildSettings = {
				ALWAYS_EMBED_SWIFT_STANDARD_LIBRARIES = YES;
				CODE_SIGN_STYLE = Automatic;
				CURRENT_PROJECT_VERSION = 1;
				GENERATE_INFOPLIST_FILE = YES;
				IPHONEOS_DEPLOYMENT_TARGET = 17.5;
				MACOSX_DEPLOYMENT_TARGET = 14.5;
				MARKETING_VERSION = 1.0;
				PRODUCT_BUNDLE_IDENTIFIER = com.xm.techChallenge.anh.XMTechChallengeUITests;
				PRODUCT_NAME = "$(TARGET_NAME)";
				SDKROOT = auto;
				SUPPORTED_PLATFORMS = "iphoneos iphonesimulator macosx";
				SWIFT_EMIT_LOC_STRINGS = NO;
				SWIFT_VERSION = 5.0;
				TARGETED_DEVICE_FAMILY = "1,2";
				TEST_TARGET_NAME = XMTechChallenge;
			};
			name = Debug;
		};
		0F125BF72C4035D500D11129 /* Release */ = {
			isa = XCBuildConfiguration;
			buildSettings = {
				ALWAYS_EMBED_SWIFT_STANDARD_LIBRARIES = YES;
				CODE_SIGN_STYLE = Automatic;
				CURRENT_PROJECT_VERSION = 1;
				GENERATE_INFOPLIST_FILE = YES;
				IPHONEOS_DEPLOYMENT_TARGET = 17.5;
				MACOSX_DEPLOYMENT_TARGET = 14.5;
				MARKETING_VERSION = 1.0;
				PRODUCT_BUNDLE_IDENTIFIER = com.xm.techChallenge.anh.XMTechChallengeUITests;
				PRODUCT_NAME = "$(TARGET_NAME)";
				SDKROOT = auto;
				SUPPORTED_PLATFORMS = "iphoneos iphonesimulator macosx";
				SWIFT_EMIT_LOC_STRINGS = NO;
				SWIFT_VERSION = 5.0;
				TARGETED_DEVICE_FAMILY = "1,2";
				TEST_TARGET_NAME = XMTechChallenge;
			};
			name = Release;
		};
/* End XCBuildConfiguration section */

/* Begin XCConfigurationList section */
		0F125BC52C4035D300D11129 /* Build configuration list for PBXProject "XMTechChallenge" */ = {
			isa = XCConfigurationList;
			buildConfigurations = (
				0F125BED2C4035D500D11129 /* Debug */,
				0F125BEE2C4035D500D11129 /* Release */,
			);
			defaultConfigurationIsVisible = 0;
			defaultConfigurationName = Release;
		};
		0F125BEF2C4035D500D11129 /* Build configuration list for PBXNativeTarget "XMTechChallenge" */ = {
			isa = XCConfigurationList;
			buildConfigurations = (
				0F125BF02C4035D500D11129 /* Debug */,
				0F125BF12C4035D500D11129 /* Release */,
			);
			defaultConfigurationIsVisible = 0;
			defaultConfigurationName = Release;
		};
		0F125BF22C4035D500D11129 /* Build configuration list for PBXNativeTarget "XMTechChallengeTests" */ = {
			isa = XCConfigurationList;
			buildConfigurations = (
				0F125BF32C4035D500D11129 /* Debug */,
				0F125BF42C4035D500D11129 /* Release */,
			);
			defaultConfigurationIsVisible = 0;
			defaultConfigurationName = Release;
		};
		0F125BF52C4035D500D11129 /* Build configuration list for PBXNativeTarget "XMTechChallengeUITests" */ = {
			isa = XCConfigurationList;
			buildConfigurations = (
				0F125BF62C4035D500D11129 /* Debug */,
				0F125BF72C4035D500D11129 /* Release */,
			);
			defaultConfigurationIsVisible = 0;
			defaultConfigurationName = Release;
		};
/* End XCConfigurationList section */

/* Begin XCSwiftPackageProductDependency section */
		0FCCCDE72C407BD100E7BFAE /* AppRoot */ = {
			isa = XCSwiftPackageProductDependency;
			productName = AppRoot;
		};
/* End XCSwiftPackageProductDependency section */
	};
	rootObject = 0F125BC22C4035D300D11129 /* Project object */;
}
